
Microsoft Visual Studio Solution File, Format Version 12.00
# Visual Studio 15
VisualStudioVersion = 15.0.28010.2046
MinimumVisualStudioVersion = 10.0.40219.1
Project("{FAE04EC0-301F-11D3-BF4B-00C04F79EFBC}") = "DISCAP", "DISCAP\DISCAP.csproj", "{1ABD4A7C-9825-4F13-9BFF-EEF475059344}"
EndProject
Global
	GlobalSection(SolutionConfigurationPlatforms) = preSolution
		Debug|Any CPU = Debug|Any CPU
		Release|Any CPU = Release|Any CPU
	EndGlobalSection
	GlobalSection(ProjectConfigurationPlatforms) = postSolution
		{1ABD4A7C-9825-4F13-9BFF-EEF475059344}.Debug|Any CPU.ActiveCfg = Debug|Any CPU
		{1ABD4A7C-9825-4F13-9BFF-EEF475059344}.Debug|Any CPU.Build.0 = Debug|Any CPU
		{1ABD4A7C-9825-4F13-9BFF-EEF475059344}.Release|Any CPU.ActiveCfg = Release|Any CPU
		{1ABD4A7C-9825-4F13-9BFF-EEF475059344}.Release|Any CPU.Build.0 = Release|Any CPU
	EndGlobalSection
	GlobalSection(SolutionProperties) = preSolution
		HideSolutionNode = FALSE
	EndGlobalSection
	GlobalSection(ExtensibilityGlobals) = postSolution
		SolutionGuid = {D794EF5B-288A-420C-9608-E01655A13EB2}
	EndGlobalSection
EndGlobal
